
Microsoft Visual Studio Solution File, Format Version 12.00
# Visual Studio 15
VisualStudioVersion = 15.0.26430.15
MinimumVisualStudioVersion = 10.0.40219.1
Project("{9A19103F-16F7-4668-BE54-9A1E7A4F7556}") = "ptap2dxf", "ptap2dxf\ptap2dxf.csproj", "{A75F565F-E571-43F4-B153-9F43F3F01E96}"
EndProject
Project("{9A19103F-16F7-4668-BE54-9A1E7A4F7556}") = "ptap2dxf.Tests", "UnitTestProject1\ptap2dxf.Tests.csproj", "{3DEF395A-9BCE-4BA0-B1D9-3516A2205B93}"
EndProject
Global
	GlobalSection(SolutionConfigurationPlatforms) = preSolution
		Debug|Any CPU = Debug|Any CPU
		Release|Any CPU = Release|Any CPU
	EndGlobalSection
	GlobalSection(ProjectConfigurationPlatforms) = postSolution
		{A75F565F-E571-43F4-B153-9F43F3F01E96}.Debug|Any CPU.ActiveCfg = Debug|Any CPU
		{A75F565F-E571-43F4-B153-9F43F3F01E96}.Debug|Any CPU.Build.0 = Debug|Any CPU
		{A75F565F-E571-43F4-B153-9F43F3F01E96}.Release|Any CPU.ActiveCfg = Release|Any CPU
		{A75F565F-E571-43F4-B153-9F43F3F01E96}.Release|Any CPU.Build.0 = Release|Any CPU
		{3DEF395A-9BCE-4BA0-B1D9-3516A2205B93}.Debug|Any CPU.ActiveCfg = Debug|Any CPU
		{3DEF395A-9BCE-4BA0-B1D9-3516A2205B93}.Debug|Any CPU.Build.0 = Debug|Any CPU
		{3DEF395A-9BCE-4BA0-B1D9-3516A2205B93}.Release|Any CPU.ActiveCfg = Release|Any CPU
		{3DEF395A-9BCE-4BA0-B1D9-3516A2205B93}.Release|Any CPU.Build.0 = Release|Any CPU
	EndGlobalSection
	GlobalSection(SolutionProperties) = preSolution
		HideSolutionNode = FALSE
	EndGlobalSection
EndGlobal
